# This file was autogenerated by Stack.
# You should not edit this file by hand.
# For more information, please see the documentation at:
#   https://docs.haskellstack.org/en/stable/lock_files

packages: []
snapshots:
- completed:
    size: 413621
    url: https://raw.githubusercontent.com/commercialhaskell/stackage-snapshots/master/nightly/2019/11/2.yaml
    sha256: 2462bf74c50949e771559a5d8afab837e5ba91504f102647cd653f0f17b646a0
  original: nightly-2019-11-02
