# This file was autogenerated by Stack.
# You should not edit this file by hand.
# For more information, please see the documentation at:
#   https://docs.haskellstack.org/en/stable/lock_files

packages:
- completed:
    hackage: taggy-0.2.1@sha256:7bc55ddba178971dc6052163597f0445a0a2b5b0ca0e84ce651d53d722e3c265,4662
    pantry-tree:
      size: 1667
      sha256: 0b3140ad52833bf8498da1bdc9745105128e109515a6102f87884c2d43b6f18d
  original:
    hackage: taggy-0.2.1
snapshots:
- completed:
    size: 513872
    url: https://raw.githubusercontent.com/commercialhaskell/stackage-snapshots/master/nightly/2019/6/28.yaml
    sha256: 60d99bc77de2ab71baaf7114873210155f84e8ae78350f113a1e6307a6b1995c
  original: nightly-2019-06-28
